Microsoft Visual Studio Solution File, Format Version 12.00
# Visual Studio Version 17
VisualStudioVersion = 17.5.2.0
MinimumVisualStudioVersion = 10.0.40219.1
Project("{FAE04EC0-301F-11D3-BF4B-00C04F79EFBC}") = "VagasEmpregosAdzuna", "VagasEmpregosAdzuna\VagasEmpregosAdzuna.csproj", "{BB3596A3-B51E-A7AA-EEC3-B096DC7757D1}"
EndProject
Global
	GlobalSection(SolutionConfigurationPlatforms) = preSolution
		Debug|Any CPU = Debug|Any CPU
		Release|Any CPU = Release|Any CPU
	EndGlobalSection
	GlobalSection(ProjectConfigurationPlatforms) = postSolution
		{BB3596A3-B51E-A7AA-EEC3-B096DC7757D1}.Debug|Any CPU.ActiveCfg = Debug|Any CPU
		{BB3596A3-B51E-A7AA-EEC3-B096DC7757D1}.Debug|Any CPU.Build.0 = Debug|Any CPU
		{BB3596A3-B51E-A7AA-EEC3-B096DC7757D1}.Release|Any CPU.ActiveCfg = Release|Any CPU
		{BB3596A3-B51E-A7AA-EEC3-B096DC7757D1}.Release|Any CPU.Build.0 = Release|Any CPU
	EndGlobalSection
	GlobalSection(SolutionProperties) = preSolution
		HideSolutionNode = FALSE
	EndGlobalSection
	GlobalSection(ExtensibilityGlobals) = postSolution
		SolutionGuid = {370FED9E-60B4-4379-9649-AF46C3C223B4}
	EndGlobalSection
EndGlobal
